
Microsoft Visual Studio Solution File, Format Version 12.00
# Visual Studio 14
VisualStudioVersion = 14.0.25420.1
MinimumVisualStudioVersion = 10.0.40219.1
Project("{FAE04EC0-301F-11D3-BF4B-00C04F79EFBC}") = "GraphVizNet", "GraphVizNet\GraphVizNet.csproj", "{7DDB6806-C2EF-4CE2-B82B-7D448B542A08}"
EndProject
Project("{FAE04EC0-301F-11D3-BF4B-00C04F79EFBC}") = "GraphVizTestConsole", "GraphVizTestConsole\GraphVizTestConsole.csproj", "{68B2AA39-83C4-4BAE-996D-4EFCE6DCC469}"
EndProject
Global
	GlobalSection(SolutionConfigurationPlatforms) = preSolution
		Debug|Any CPU = Debug|Any CPU
		Release|Any CPU = Release|Any CPU
	EndGlobalSection
	GlobalSection(ProjectConfigurationPlatforms) = postSolution
		{7DDB6806-C2EF-4CE2-B82B-7D448B542A08}.Debug|Any CPU.ActiveCfg = Debug|Any CPU
		{7DDB6806-C2EF-4CE2-B82B-7D448B542A08}.Debug|Any CPU.Build.0 = Debug|Any CPU
		{7DDB6806-C2EF-4CE2-B82B-7D448B542A08}.Release|Any CPU.ActiveCfg = Release|Any CPU
		{7DDB6806-C2EF-4CE2-B82B-7D448B542A08}.Release|Any CPU.Build.0 = Release|Any CPU
		{68B2AA39-83C4-4BAE-996D-4EFCE6DCC469}.Debug|Any CPU.ActiveCfg = Debug|Any CPU
		{68B2AA39-83C4-4BAE-996D-4EFCE6DCC469}.Debug|Any CPU.Build.0 = Debug|Any CPU
		{68B2AA39-83C4-4BAE-996D-4EFCE6DCC469}.Release|Any CPU.ActiveCfg = Release|Any CPU
		{68B2AA39-83C4-4BAE-996D-4EFCE6DCC469}.Release|Any CPU.Build.0 = Release|Any CPU
	EndGlobalSection
	GlobalSection(SolutionProperties) = preSolution
		HideSolutionNode = FALSE
	EndGlobalSection
EndGlobal
